
Microsoft Visual Studio Solution File, Format Version 12.00
# Visual Studio 14
VisualStudioVersion = 14.0.25420.1
MinimumVisualStudioVersion = 10.0.40219.1
Project("{F184B08F-C81C-45F6-A57F-5ABD9991F28F}") = "SampleUI", "SampleUI\SampleUI.vbproj", "{430B19F3-A567-4D90-BADB-B3F20D3B5513}"
EndProject
Global
	GlobalSection(SolutionConfigurationPlatforms) = preSolution
		Debug|Any CPU = Debug|Any CPU
		Release|Any CPU = Release|Any CPU
	EndGlobalSection
	GlobalSection(ProjectConfigurationPlatforms) = postSolution
		{430B19F3-A567-4D90-BADB-B3F20D3B5513}.Debug|Any CPU.ActiveCfg = Debug|Any CPU
		{430B19F3-A567-4D90-BADB-B3F20D3B5513}.Debug|Any CPU.Build.0 = Debug|Any CPU
		{430B19F3-A567-4D90-BADB-B3F20D3B5513}.Release|Any CPU.ActiveCfg = Release|Any CPU
		{430B19F3-A567-4D90-BADB-B3F20D3B5513}.Release|Any CPU.Build.0 = Release|Any CPU
	EndGlobalSection
	GlobalSection(SolutionProperties) = preSolution
		HideSolutionNode = FALSE
	EndGlobalSection
EndGlobal
